
Microsoft Visual Studio Solution File, Format Version 12.00
# Visual Studio 2017
Project("{FAE04EC0-301F-11D3-BF4B-00C04F79EFBC}") = "Orbital 2017", "Orbital 2017.csproj", "{DAE99D4C-4924-1184-C39A-09513CA23FEE}"
EndProject
Global
	GlobalSection(SolutionConfigurationPlatforms) = preSolution
		Debug|Any CPU = Debug|Any CPU
		Release|Any CPU = Release|Any CPU
	EndGlobalSection
	GlobalSection(ProjectConfigurationPlatforms) = postSolution
		{DAE99D4C-4924-1184-C39A-09513CA23FEE}.Debug|Any CPU.ActiveCfg = Debug|Any CPU
		{DAE99D4C-4924-1184-C39A-09513CA23FEE}.Debug|Any CPU.Build.0 = Debug|Any CPU
		{DAE99D4C-4924-1184-C39A-09513CA23FEE}.Release|Any CPU.ActiveCfg = Release|Any CPU
		{DAE99D4C-4924-1184-C39A-09513CA23FEE}.Release|Any CPU.Build.0 = Release|Any CPU
	EndGlobalSection
	GlobalSection(SolutionProperties) = preSolution
		HideSolutionNode = FALSE
	EndGlobalSection
EndGlobal
